
Microsoft Visual Studio Solution File, Format Version 12.00
# Visual Studio Version 17
VisualStudioVersion = 17.4.33110.190
MinimumVisualStudioVersion = 10.0.40219.1
Project("{FAE04EC0-301F-11D3-BF4B-00C04F79EFBC}") = "MoviePlayer.Android", "MoviePlayer\MoviePlayer.Android\MoviePlayer.Android.csproj", "{B9497414-6863-42B7-8047-46DACB38DFDF}"
EndProject
Project("{FAE04EC0-301F-11D3-BF4B-00C04F79EFBC}") = "MoviePlayer.iOS", "MoviePlayer\MoviePlayer.iOS\MoviePlayer.iOS.csproj", "{46FFD4C7-8D84-4DE4-8772-9BEA51A311D1}"
EndProject
Project("{FAE04EC0-301F-11D3-BF4B-00C04F79EFBC}") = "MoviePlayer", "MoviePlayer\MoviePlayer\MoviePlayer.csproj", "{69FE252C-10BA-4EB7-815E-089559FAACDD}"
EndProject
Global
	GlobalSection(SolutionConfigurationPlatforms) = preSolution
		Debug|Any CPU = Debug|Any CPU
		Debug|iPhone = Debug|iPhone
		Debug|iPhoneSimulator = Debug|iPhoneSimulator
		Release|Any CPU = Release|Any CPU
		Release|iPhone = Release|iPhone
		Release|iPhoneSimulator = Release|iPhoneSimulator
	EndGlobalSection
	GlobalSection(ProjectConfigurationPlatforms) = postSolution
		{B9497414-6863-42B7-8047-46DACB38DFDF}.Debug|Any CPU.ActiveCfg = Debug|Any CPU
		{B9497414-6863-42B7-8047-46DACB38DFDF}.Debug|Any CPU.Build.0 = Debug|Any CPU
		{B9497414-6863-42B7-8047-46DACB38DFDF}.Debug|Any CPU.Deploy.0 = Debug|Any CPU
		{B9497414-6863-42B7-8047-46DACB38DFDF}.Debug|iPhone.ActiveCfg = Debug|Any CPU
		{B9497414-6863-42B7-8047-46DACB38DFDF}.Debug|iPhone.Build.0 = Debug|Any CPU
		{B9497414-6863-42B7-8047-46DACB38DFDF}.Debug|iPhone.Deploy.0 = Debug|Any CPU
		{B9497414-6863-42B7-8047-46DACB38DFDF}.Debug|iPhoneSimulator.ActiveCfg = Debug|Any CPU
		{B9497414-6863-42B7-8047-46DACB38DFDF}.Debug|iPhoneSimulator.Build.0 = Debug|Any CPU
		{B9497414-6863-42B7-8047-46DACB38DFDF}.Debug|iPhoneSimulator.Deploy.0 = Debug|Any CPU
		{B9497414-6863-42B7-8047-46DACB38DFDF}.Release|Any CPU.ActiveCfg = Release|Any CPU
		{B9497414-6863-42B7-8047-46DACB38DFDF}.Release|Any CPU.Build.0 = Release|Any CPU
		{B9497414-6863-42B7-8047-46DACB38DFDF}.Release|Any CPU.Deploy.0 = Release|Any CPU
		{B9497414-6863-42B7-8047-46DACB38DFDF}.Release|iPhone.ActiveCfg = Release|Any CPU
		{B9497414-6863-42B7-8047-46DACB38DFDF}.Release|iPhone.Build.0 = Release|Any CPU
		{B9497414-6863-42B7-8047-46DACB38DFDF}.Release|iPhone.Deploy.0 = Release|Any CPU
		{B9497414-6863-42B7-8047-46DACB38DFDF}.Release|iPhoneSimulator.ActiveCfg = Release|Any CPU
		{B9497414-6863-42B7-8047-46DACB38DFDF}.Release|iPhoneSimulator.Build.0 = Release|Any CPU
		{B9497414-6863-42B7-8047-46DACB38DFDF}.Release|iPhoneSimulator.Deploy.0 = Release|Any CPU
		{46FFD4C7-8D84-4DE4-8772-9BEA51A311D1}.Debug|Any CPU.ActiveCfg = Debug|iPhone
		{46FFD4C7-8D84-4DE4-8772-9BEA51A311D1}.Debug|Any CPU.Build.0 = Debug|iPhone
		{46FFD4C7-8D84-4DE4-8772-9BEA51A311D1}.Debug|Any CPU.Deploy.0 = Debug|iPhone
		{46FFD4C7-8D84-4DE4-8772-9BEA51A311D1}.Debug|iPhone.ActiveCfg = Debug|iPhone
		{46FFD4C7-8D84-4DE4-8772-9BEA51A311D1}.Debug|iPhone.Build.0 = Debug|iPhone
		{46FFD4C7-8D84-4DE4-8772-9BEA51A311D1}.Debug|iPhone.Deploy.0 = Debug|iPhone
		{46FFD4C7-8D84-4DE4-8772-9BEA51A311D1}.Debug|iPhoneSimulator.ActiveCfg = Debug|iPhoneSimulator
		{46FFD4C7-8D84-4DE4-8772-9BEA51A311D1}.Debug|iPhoneSimulator.Build.0 = Debug|iPhoneSimulator
		{46FFD4C7-8D84-4DE4-8772-9BEA51A311D1}.Debug|iPhoneSimulator.Deploy.0 = Debug|iPhoneSimulator
		{46FFD4C7-8D84-4DE4-8772-9BEA51A311D1}.Release|Any CPU.ActiveCfg = Release|iPhoneSimulator
		{46FFD4C7-8D84-4DE4-8772-9BEA51A311D1}.Release|Any CPU.Build.0 = Release|iPhoneSimulator
		{46FFD4C7-8D84-4DE4-8772-9BEA51A311D1}.Release|Any CPU.Deploy.0 = Release|iPhoneSimulator
		{46FFD4C7-8D84-4DE4-8772-9BEA51A311D1}.Release|iPhone.ActiveCfg = Release|iPhone
		{46FFD4C7-8D84-4DE4-8772-9BEA51A311D1}.Release|iPhone.Build.0 = Release|iPhone
		{46FFD4C7-8D84-4DE4-8772-9BEA51A311D1}.Release|iPhone.Deploy.0 = Release|iPhone
		{46FFD4C7-8D84-4DE4-8772-9BEA51A311D1}.Release|iPhoneSimulator.ActiveCfg = Release|iPhoneSimulator
		{46FFD4C7-8D84-4DE4-8772-9BEA51A311D1}.Release|iPhoneSimulator.Build.0 = Release|iPhoneSimulator
		{46FFD4C7-8D84-4DE4-8772-9BEA51A311D1}.Release|iPhoneSimulator.Deploy.0 = Release|iPhoneSimulator
		{69FE252C-10BA-4EB7-815E-089559FAACDD}.Debug|Any CPU.ActiveCfg = Debug|Any CPU
		{69FE252C-10BA-4EB7-815E-089559FAACDD}.Debug|Any CPU.Build.0 = Debug|Any CPU
		{69FE252C-10BA-4EB7-815E-089559FAACDD}.Debug|Any CPU.Deploy.0 = Debug|Any CPU
		{69FE252C-10BA-4EB7-815E-089559FAACDD}.Debug|iPhone.ActiveCfg = Debug|Any CPU
		{69FE252C-10BA-4EB7-815E-089559FAACDD}.Debug|iPhone.Build.0 = Debug|Any CPU
		{69FE252C-10BA-4EB7-815E-089559FAACDD}.Debug|iPhone.Deploy.0 = Debug|Any CPU
		{69FE252C-10BA-4EB7-815E-089559FAACDD}.Debug|iPhoneSimulator.ActiveCfg = Debug|Any CPU
		{69FE252C-10BA-4EB7-815E-089559FAACDD}.Debug|iPhoneSimulator.Build.0 = Debug|Any CPU
		{69FE252C-10BA-4EB7-815E-089559FAACDD}.Debug|iPhoneSimulator.Deploy.0 = Debug|Any CPU
		{69FE252C-10BA-4EB7-815E-089559FAACDD}.Release|Any CPU.ActiveCfg = Release|Any CPU
		{69FE252C-10BA-4EB7-815E-089559FAACDD}.Release|Any CPU.Build.0 = Release|Any CPU
		{69FE252C-10BA-4EB7-815E-089559FAACDD}.Release|Any CPU.Deploy.0 = Release|Any CPU
		{69FE252C-10BA-4EB7-815E-089559FAACDD}.Release|iPhone.ActiveCfg = Release|Any CPU
		{69FE252C-10BA-4EB7-815E-089559FAACDD}.Release|iPhone.Build.0 = Release|Any CPU
		{69FE252C-10BA-4EB7-815E-089559FAACDD}.Release|iPhone.Deploy.0 = Release|Any CPU
		{69FE252C-10BA-4EB7-815E-089559FAACDD}.Release|iPhoneSimulator.ActiveCfg = Release|Any CPU
		{69FE252C-10BA-4EB7-815E-089559FAACDD}.Release|iPhoneSimulator.Build.0 = Release|Any CPU
		{69FE252C-10BA-4EB7-815E-089559FAACDD}.Release|iPhoneSimulator.Deploy.0 = Release|Any CPU
	EndGlobalSection
	GlobalSection(SolutionProperties) = preSolution
		HideSolutionNode = FALSE
	EndGlobalSection
	GlobalSection(ExtensibilityGlobals) = postSolution
		SolutionGuid = {975C25AC-0A82-4CD1-8B4C-8F384D30CCFF}
	EndGlobalSection
EndGlobal
